
Microsoft Visual Studio Solution File, Format Version 12.00
# Visual Studio Version 17
VisualStudioVersion = 17.2.32602.215
MinimumVisualStudioVersion = 10.0.40219.1
Project("{FAE04EC0-301F-11D3-BF4B-00C04F79EFBC}") = "CarRentalManagment", "CarRentalManagment\CarRentalManagment.csproj", "{2D5880BD-BD1D-45A5-BD15-9A2EDD500982}"
EndProject
Global
	GlobalSection(SolutionConfigurationPlatforms) = preSolution
		Debug|Any CPU = Debug|Any CPU
		Release|Any CPU = Release|Any CPU
	EndGlobalSection
	GlobalSection(ProjectConfigurationPlatforms) = postSolution
		{2D5880BD-BD1D-45A5-BD15-9A2EDD500982}.Debug|Any CPU.ActiveCfg = Debug|Any CPU
		{2D5880BD-BD1D-45A5-BD15-9A2EDD500982}.Debug|Any CPU.Build.0 = Debug|Any CPU
		{2D5880BD-BD1D-45A5-BD15-9A2EDD500982}.Release|Any CPU.ActiveCfg = Release|Any CPU
		{2D5880BD-BD1D-45A5-BD15-9A2EDD500982}.Release|Any CPU.Build.0 = Release|Any CPU
	EndGlobalSection
	GlobalSection(SolutionProperties) = preSolution
		HideSolutionNode = FALSE
	EndGlobalSection
	GlobalSection(ExtensibilityGlobals) = postSolution
		SolutionGuid = {B2434C6E-D29B-40F8-83B2-03E5217ACDC8}
	EndGlobalSection
EndGlobal
